
Microsoft Visual Studio Solution File, Format Version 12.00
# Visual Studio Version 17
VisualStudioVersion = 17.1.32228.430
MinimumVisualStudioVersion = 10.0.40219.1
Project("{9A19103F-16F7-4668-BE54-9A1E7A4F7556}") = "DoctorAppService", "DoctorAppService\DoctorAppService.csproj", "{87D19999-C253-482D-95CC-43FAC55B590A}"
EndProject
Global
	GlobalSection(SolutionConfigurationPlatforms) = preSolution
		Debug|Any CPU = Debug|Any CPU
		Release|Any CPU = Release|Any CPU
	EndGlobalSection
	GlobalSection(ProjectConfigurationPlatforms) = postSolution
		{87D19999-C253-482D-95CC-43FAC55B590A}.Debug|Any CPU.ActiveCfg = Debug|Any CPU
		{87D19999-C253-482D-95CC-43FAC55B590A}.Debug|Any CPU.Build.0 = Debug|Any CPU
		{87D19999-C253-482D-95CC-43FAC55B590A}.Release|Any CPU.ActiveCfg = Release|Any CPU
		{87D19999-C253-482D-95CC-43FAC55B590A}.Release|Any CPU.Build.0 = Release|Any CPU
	EndGlobalSection
	GlobalSection(SolutionProperties) = preSolution
		HideSolutionNode = FALSE
	EndGlobalSection
	GlobalSection(ExtensibilityGlobals) = postSolution
		SolutionGuid = {BB0D2AE2-B4F8-4DA8-8A2E-39E21F2E4882}
	EndGlobalSection
EndGlobal
