
Microsoft Visual Studio Solution File, Format Version 12.00
# Visual Studio Version 17
VisualStudioVersion = 17.1.32228.430
MinimumVisualStudioVersion = 10.0.40219.1
Project("{9A19103F-16F7-4668-BE54-9A1E7A4F7556}") = "PatientApplication.Controller", "PatientApplication\PatientApplication.Controller\PatientApplication.Controller.csproj", "{36830FB6-CDCE-49ED-BB6F-E29150EFD794}"
EndProject
Project("{9A19103F-16F7-4668-BE54-9A1E7A4F7556}") = "PatientApplication.Model", "PatientApplication\PatientApplication.Model\PatientApplication.Model.csproj", "{8E327B25-78C2-4500-9A1C-8F0E73011F74}"
EndProject
Project("{9A19103F-16F7-4668-BE54-9A1E7A4F7556}") = "PatientApplication.Tests", "PatientApplication\PatientApplication.Tests\PatientApplication.Tests.csproj", "{205D7798-3AB6-41A1-9349-53B833F6B272}"
EndProject
Project("{9A19103F-16F7-4668-BE54-9A1E7A4F7556}") = "PatientApplication.Utilities", "PatientApplication\PatientApplication.Utilities\PatientApplication.Utilities.csproj", "{9526E8F9-6BB2-4CEA-AE86-A949DDF5B6E1}"
EndProject
Project("{9A19103F-16F7-4668-BE54-9A1E7A4F7556}") = "PatientWebApplication.BlazorServer", "PatientApplication\PatientWebApplication.BlazorServer\PatientWebApplication.BlazorServer.csproj", "{A661276D-54EA-4864-B756-F08E249F296D}"
EndProject
Global
	GlobalSection(SolutionConfigurationPlatforms) = preSolution
		Debug|Any CPU = Debug|Any CPU
		Release|Any CPU = Release|Any CPU
	EndGlobalSection
	GlobalSection(ProjectConfigurationPlatforms) = postSolution
		{36830FB6-CDCE-49ED-BB6F-E29150EFD794}.Debug|Any CPU.ActiveCfg = Debug|Any CPU
		{36830FB6-CDCE-49ED-BB6F-E29150EFD794}.Debug|Any CPU.Build.0 = Debug|Any CPU
		{36830FB6-CDCE-49ED-BB6F-E29150EFD794}.Release|Any CPU.ActiveCfg = Release|Any CPU
		{36830FB6-CDCE-49ED-BB6F-E29150EFD794}.Release|Any CPU.Build.0 = Release|Any CPU
		{8E327B25-78C2-4500-9A1C-8F0E73011F74}.Debug|Any CPU.ActiveCfg = Debug|Any CPU
		{8E327B25-78C2-4500-9A1C-8F0E73011F74}.Debug|Any CPU.Build.0 = Debug|Any CPU
		{8E327B25-78C2-4500-9A1C-8F0E73011F74}.Release|Any CPU.ActiveCfg = Release|Any CPU
		{8E327B25-78C2-4500-9A1C-8F0E73011F74}.Release|Any CPU.Build.0 = Release|Any CPU
		{205D7798-3AB6-41A1-9349-53B833F6B272}.Debug|Any CPU.ActiveCfg = Debug|Any CPU
		{205D7798-3AB6-41A1-9349-53B833F6B272}.Debug|Any CPU.Build.0 = Debug|Any CPU
		{205D7798-3AB6-41A1-9349-53B833F6B272}.Release|Any CPU.ActiveCfg = Release|Any CPU
		{205D7798-3AB6-41A1-9349-53B833F6B272}.Release|Any CPU.Build.0 = Release|Any CPU
		{9526E8F9-6BB2-4CEA-AE86-A949DDF5B6E1}.Debug|Any CPU.ActiveCfg = Debug|Any CPU
		{9526E8F9-6BB2-4CEA-AE86-A949DDF5B6E1}.Debug|Any CPU.Build.0 = Debug|Any CPU
		{9526E8F9-6BB2-4CEA-AE86-A949DDF5B6E1}.Release|Any CPU.ActiveCfg = Release|Any CPU
		{9526E8F9-6BB2-4CEA-AE86-A949DDF5B6E1}.Release|Any CPU.Build.0 = Release|Any CPU
		{A661276D-54EA-4864-B756-F08E249F296D}.Debug|Any CPU.ActiveCfg = Debug|Any CPU
		{A661276D-54EA-4864-B756-F08E249F296D}.Debug|Any CPU.Build.0 = Debug|Any CPU
		{A661276D-54EA-4864-B756-F08E249F296D}.Release|Any CPU.ActiveCfg = Release|Any CPU
		{A661276D-54EA-4864-B756-F08E249F296D}.Release|Any CPU.Build.0 = Release|Any CPU
	EndGlobalSection
	GlobalSection(SolutionProperties) = preSolution
		HideSolutionNode = FALSE
	EndGlobalSection
	GlobalSection(ExtensibilityGlobals) = postSolution
		SolutionGuid = {A96F143A-8079-4952-92B7-A474D6CAAD9E}
	EndGlobalSection
EndGlobal
